# This file is generated by running "yarn install" inside your project.
# Manual changes might be lost - proceed with caution!

__metadata:
  version: 4
  cacheKey: 8

"@d-note/prisma@workspace:packages/prisma":
  version: 0.0.0-use.local
  resolution: "@d-note/prisma@workspace:packages/prisma"
  dependencies:
    "@prisma/client": 2.25.0
    prisma: 2.25.0
  languageName: unknown
  linkType: soft

"@d-zone/server@workspace:packages/server":
  version: 0.0.0-use.local
  resolution: "@d-zone/server@workspace:packages/server"
  languageName: unknown
  linkType: soft

"@prisma/client@npm:2.25.0":
  version: 2.25.0
  resolution: "@prisma/client@npm:2.25.0"
  dependencies:
    "@prisma/engines-version": 2.25.0-36.c838e79f39885bc8e1611849b1eb28b5bb5bc922
  peerDependencies:
    prisma: "*"
  peerDependenciesMeta:
    prisma:
      optional: true
  checksum: 3447220cbbf79c597ca7ae7680460a94383afba5339a8aae376c1ab7257e18c14a6ed9b9ad99d9f9d32cbe03ba121c7ab18ff56274075eea88613d7a4dbc22ce
  languageName: node
  linkType: hard

"@prisma/engines-version@npm:2.25.0-36.c838e79f39885bc8e1611849b1eb28b5bb5bc922":
  version: 2.25.0-36.c838e79f39885bc8e1611849b1eb28b5bb5bc922
  resolution: "@prisma/engines-version@npm:2.25.0-36.c838e79f39885bc8e1611849b1eb28b5bb5bc922"
  checksum: d184a9dfd3ce44853fe1e29287c46fde65c75f5ed4573186838f78a13685be28fcd5eeaef3f680886ba78395f36c1c05d82caba84a598a5856d27217aec26959
  languageName: node
  linkType: hard

"@prisma/engines@npm:2.25.0-36.c838e79f39885bc8e1611849b1eb28b5bb5bc922":
  version: 2.25.0-36.c838e79f39885bc8e1611849b1eb28b5bb5bc922
  resolution: "@prisma/engines@npm:2.25.0-36.c838e79f39885bc8e1611849b1eb28b5bb5bc922"
  checksum: d81ff2b4c1c89296facc1dcaf7aabb5452f904ef62b8c1ddfa1ea5d4224def5ed60b9f20330f3394eb182467bbe163df297545f4956e7e53856f75a3aec280b3
  languageName: node
  linkType: hard

"@types/mdast@npm:^3.0.0":
  version: 3.0.3
  resolution: "@types/mdast@npm:3.0.3"
  dependencies:
    "@types/unist": "*"
  checksum: 5318624af815ac531e49de06da1d9458f1570f87274dced00353a240b2d2c4260f1fdd40c5e65784e4a4f49b0c5eb43f77faee60def723b501880ab3747b9916
  languageName: node
  linkType: hard

"@types/unist@npm:*, @types/unist@npm:^2.0.2":
  version: 2.0.3
  resolution: "@types/unist@npm:2.0.3"
  checksum: 4427306b094561da28164e7e5250c4e6b382cb8eac40bf7e6bb0ff1e6e00c13e47aaf32e4a08fc8ba54602d07f79a39fb9ba304cc9dc886b1e3caf824649edbd
  languageName: node
  linkType: hard

"binary-search-bounds@npm:^2.0.5":
  version: 2.0.5
  resolution: "binary-search-bounds@npm:2.0.5"
  checksum: e073e265570ad09fe7520835c620f1e95036c7e9696c4f2135c9b20f4b4a44e0306b38977e057b049dab60fea4ab53ed4ad2ee19d9bf44cb6b652aa081788b89
  languageName: node
  linkType: hard

"character-entities-legacy@npm:^1.0.0":
  version: 1.1.4
  resolution: "character-entities-legacy@npm:1.1.4"
  checksum: fe03a82c154414da3a0c8ab3188e4237ec68006cbcd681cf23c7cfb9502a0e76cd30ab69a2e50857ca10d984d57de3b307680fff5328ccd427f400e559c3a811
  languageName: node
  linkType: hard

"character-entities@npm:^1.0.0":
  version: 1.2.4
  resolution: "character-entities@npm:1.2.4"
  checksum: e1545716571ead57beac008433c1ff69517cd8ca5b336889321c5b8ff4a99c29b65589a701e9c086cda8a5e346a67295e2684f6c7ea96819fe85cbf49bf8686d
  languageName: node
  linkType: hard

"character-reference-invalid@npm:^1.0.0":
  version: 1.1.4
  resolution: "character-reference-invalid@npm:1.1.4"
  checksum: 20274574c70e05e2f81135f3b93285536bc8ff70f37f0809b0d17791a832838f1e49938382899ed4cb444e5bbd4314ca1415231344ba29f4222ce2ccf24fea0b
  languageName: node
  linkType: hard

"comment-parser@npm:^1.1.4":
  version: 1.1.5
  resolution: "comment-parser@npm:1.1.5"
  checksum: e669d6328a1244a2d7db5ae077dcdd4ef6ddfda752aed9c29d6b4690672d80c0002a7e3ce4fadbb5008c27704adb3153169533312262592834f37ccb5e8eed7c
  languageName: node
  linkType: hard

"d-zone@workspace:.":
  version: 0.0.0-use.local
  resolution: "d-zone@workspace:."
  dependencies:
    prettier: ^2.3.2
    prettier-plugin-jsdoc: ^0.3.23
    typescript: ^4.3.5
  languageName: unknown
  linkType: soft

"debug@npm:^4.0.0":
  version: 4.3.2
  resolution: "debug@npm:4.3.2"
  dependencies:
    ms: 2.1.2
  peerDependenciesMeta:
    supports-color:
      optional: true
  checksum: 820ea160e267e23c953c9ed87e7ad93494d8cda2f7349af5e7e3bb236d23707ee3022f477d5a7d2ee86ef2bf7d60aa9ab22d1f58080d7deb9dccd073585e1e43
  languageName: node
  linkType: hard

"is-alphabetical@npm:^1.0.0":
  version: 1.0.4
  resolution: "is-alphabetical@npm:1.0.4"
  checksum: 6508cce44fd348f06705d377b260974f4ce68c74000e7da4045f0d919e568226dc3ce9685c5a2af272195384df6930f748ce9213fc9f399b5d31b362c66312cb
  languageName: node
  linkType: hard

"is-alphanumerical@npm:^1.0.0":
  version: 1.0.4
  resolution: "is-alphanumerical@npm:1.0.4"
  dependencies:
    is-alphabetical: ^1.0.0
    is-decimal: ^1.0.0
  checksum: e2e491acc16fcf5b363f7c726f666a9538dba0a043665740feb45bba1652457a73441e7c5179c6768a638ed396db3437e9905f403644ec7c468fb41f4813d03f
  languageName: node
  linkType: hard

"is-decimal@npm:^1.0.0":
  version: 1.0.4
  resolution: "is-decimal@npm:1.0.4"
  checksum: ed483a387517856dc395c68403a10201fddcc1b63dc56513fbe2fe86ab38766120090ecdbfed89223d84ca8b1cd28b0641b93cb6597b6e8f4c097a7c24e3fb96
  languageName: node
  linkType: hard

"is-hexadecimal@npm:^1.0.0":
  version: 1.0.4
  resolution: "is-hexadecimal@npm:1.0.4"
  checksum: a452e047587b6069332d83130f54d30da4faf2f2ebaa2ce6d073c27b5703d030d58ed9e0b729c8e4e5b52c6f1dab26781bb77b7bc6c7805f14f320e328ff8cd5
  languageName: node
  linkType: hard

"linguist-languages@npm:^7.13.0":
  version: 7.14.0
  resolution: "linguist-languages@npm:7.14.0"
  checksum: e23166307ea419a617984e5ab3abf1a7fcc542dc4905baf8d5332364688484f4efe4318f7b7a0a9f935e746bbb37323ce4bddd9a25abf87bd7273ac33283d3ab
  languageName: node
  linkType: hard

"mdast-util-from-markdown@npm:^0.8.5":
  version: 0.8.5
  resolution: "mdast-util-from-markdown@npm:0.8.5"
  dependencies:
    "@types/mdast": ^3.0.0
    mdast-util-to-string: ^2.0.0
    micromark: ~2.11.0
    parse-entities: ^2.0.0
    unist-util-stringify-position: ^2.0.0
  checksum: 5a9d0d753a42db763761e874c22365d0c7c9934a5a18b5ff76a0643610108a208a041ffdb2f3d3dd1863d3d915225a4020a0aade282af0facfd0df110601eee6
  languageName: node
  linkType: hard

"mdast-util-to-string@npm:^2.0.0":
  version: 2.0.0
  resolution: "mdast-util-to-string@npm:2.0.0"
  checksum: 0b2113ada10e002fbccb014170506dabe2f2ddacaacbe4bc1045c33f986652c5a162732a2c057c5335cdb58419e2ad23e368e5be226855d4d4e280b81c4e9ec2
  languageName: node
  linkType: hard

"micromark@npm:~2.11.0":
  version: 2.11.4
  resolution: "micromark@npm:2.11.4"
  dependencies:
    debug: ^4.0.0
    parse-entities: ^2.0.0
  checksum: f8a5477d394908a5d770227aea71657a76423d420227c67ea0699e659a5f62eb39d504c1f7d69ec525a6af5aaeb6a7bffcdba95614968c03d41d3851edecb0d6
  languageName: node
  linkType: hard

"ms@npm:2.1.2":
  version: 2.1.2
  resolution: "ms@npm:2.1.2"
  checksum: 673cdb2c3133eb050c745908d8ce632ed2c02d85640e2edb3ace856a2266a813b30c613569bf3354fdf4ea7d1a1494add3bfa95e2713baa27d0c2c71fc44f58f
  languageName: node
  linkType: hard

"parse-entities@npm:^2.0.0":
  version: 2.0.0
  resolution: "parse-entities@npm:2.0.0"
  dependencies:
    character-entities: ^1.0.0
    character-entities-legacy: ^1.0.0
    character-reference-invalid: ^1.0.0
    is-alphanumerical: ^1.0.0
    is-decimal: ^1.0.0
    is-hexadecimal: ^1.0.0
  checksum: 7addfd3e7d747521afac33c8121a5f23043c6973809756920d37e806639b4898385d386fcf4b3c8e2ecf1bc28aac5ae97df0b112d5042034efbe80f44081ebce
  languageName: node
  linkType: hard

"prettier-plugin-jsdoc@npm:^0.3.23":
  version: 0.3.23
  resolution: "prettier-plugin-jsdoc@npm:0.3.23"
  dependencies:
    binary-search-bounds: ^2.0.5
    comment-parser: ^1.1.4
    linguist-languages: ^7.13.0
    mdast-util-from-markdown: ^0.8.5
  peerDependencies:
    prettier: ">=2.1.2"
  checksum: 167463d840d57e624c496ec5667217b95f3d9437a1e3c016cefb4316f1ae10ea01489c2301a81dee5eb94d7c1b66cc3020ed62f020c3d7180a8f583c0fb74c1b
  languageName: node
  linkType: hard

"prettier@npm:^2.3.2":
  version: 2.3.2
  resolution: "prettier@npm:2.3.2"
  bin:
    prettier: bin-prettier.js
  checksum: 17ce5784ac67621c292df58e2da60b2ee150c2d6aebea22a6ad9e52fcd6a5e66c349d0a8436ea3bd8ff9d778920a5f68000d7625b74f43558718a49755aa5259
  languageName: node
  linkType: hard

"prisma@npm:2.25.0":
  version: 2.25.0
  resolution: "prisma@npm:2.25.0"
  dependencies:
    "@prisma/engines": 2.25.0-36.c838e79f39885bc8e1611849b1eb28b5bb5bc922
  bin:
    prisma: build/index.js
    prisma2: build/index.js
  checksum: 116ed68fa4ac0652cfa9e464275fe2485d2551e751b53dc804aad9b5a214daea435433da98d2ba6a8ebde59975c326e6224cd76be609ab184dd7da76dc46ffd4
  languageName: node
  linkType: hard

typescript@^4.3.5:
  version: 4.3.5
  resolution: "typescript@npm:4.3.5"
  bin:
    tsc: bin/tsc
    tsserver: bin/tsserver
  checksum: bab033b5e2b0790dd35b77fd005df976ef80b8d84fd2c6e63cc31808151875beae9216e5a315fe7068e8499905c3c354248fe83272cdfc13b7705635f0c66c97
  languageName: node
  linkType: hard

"typescript@patch:typescript@^4.3.5#~builtin<compat/typescript>":
  version: 4.3.5
  resolution: "typescript@patch:typescript@npm%3A4.3.5#~builtin<compat/typescript>::version=4.3.5&hash=d8b4e7"
  bin:
    tsc: bin/tsc
    tsserver: bin/tsserver
  checksum: bc2c4fdf0f1557fdafe4ef74848c72ebd9c8c60829568248f869121aea2bb20e16649a252431d0acb185ec118143be22bed73d08f64379557810d82756afedde
  languageName: node
  linkType: hard

"unist-util-stringify-position@npm:^2.0.0":
  version: 2.0.3
  resolution: "unist-util-stringify-position@npm:2.0.3"
  dependencies:
    "@types/unist": ^2.0.2
  checksum: f755cadc959f9074fe999578a1a242761296705a7fe87f333a37c00044de74ab4b184b3812989a57d4cd12211f0b14ad397b327c3a594c7af84361b1c25a7f09
  languageName: node
  linkType: hard
